
Microsoft Visual Studio Solution File, Format Version 12.00
# Visual Studio Version 16
VisualStudioVersion = 16.0.30804.86
MinimumVisualStudioVersion = 10.0.40219.1
Project("{FAE04EC0-301F-11D3-BF4B-00C04F79EFBC}") = "FunctionVisualizer", "FunctionVisualizer\FunctionVisualizer.csproj", "{8019FBEA-3283-4D8D-9490-8AA090A0F3CB}"
EndProject
Global
	GlobalSection(SolutionConfigurationPlatforms) = preSolution
		Debug|Any CPU = Debug|Any CPU
		Release|Any CPU = Release|Any CPU
	EndGlobalSection
	GlobalSection(ProjectConfigurationPlatforms) = postSolution
		{8019FBEA-3283-4D8D-9490-8AA090A0F3CB}.Debug|Any CPU.ActiveCfg = Debug|Any CPU
		{8019FBEA-3283-4D8D-9490-8AA090A0F3CB}.Debug|Any CPU.Build.0 = Debug|Any CPU
		{8019FBEA-3283-4D8D-9490-8AA090A0F3CB}.Release|Any CPU.ActiveCfg = Release|Any CPU
		{8019FBEA-3283-4D8D-9490-8AA090A0F3CB}.Release|Any CPU.Build.0 = Release|Any CPU
	EndGlobalSection
	GlobalSection(SolutionProperties) = preSolution
		HideSolutionNode = FALSE
	EndGlobalSection
	GlobalSection(ExtensibilityGlobals) = postSolution
		SolutionGuid = {15D66212-9C49-4571-8950-0B32C5ED1C12}
	EndGlobalSection
EndGlobal
